
Microsoft Visual Studio Solution File, Format Version 12.00
# Visual Studio Version 16
VisualStudioVersion = 16.0.29926.136
MinimumVisualStudioVersion = 10.0.40219.1
Project("{FAE04EC0-301F-11D3-BF4B-00C04F79EFBC}") = "EcoStore.Web", "EcoStore.Web\EcoStore.Web.csproj", "{F8FF7BCD-BEBE-42D0-A82C-B0AD8FDE3C6D}"
EndProject
Project("{FAE04EC0-301F-11D3-BF4B-00C04F79EFBC}") = "EcoStore.EFCore", "EcoStore.EFCore\EcoStore.EFCore.csproj", "{0B04FA24-B37D-4195-AB2E-24B9BE92FA82}"
EndProject
Project("{FAE04EC0-301F-11D3-BF4B-00C04F79EFBC}") = "EcoStore.CommonServices", "EcoStore.CommonServices\EcoStore.CommonServices.csproj", "{D93A9E56-D5E4-41D9-9BB9-C303F4147A11}"
EndProject
Global
	GlobalSection(SolutionConfigurationPlatforms) = preSolution
		Debug|Any CPU = Debug|Any CPU
		Release|Any CPU = Release|Any CPU
	EndGlobalSection
	GlobalSection(ProjectConfigurationPlatforms) = postSolution
		{F8FF7BCD-BEBE-42D0-A82C-B0AD8FDE3C6D}.Debug|Any CPU.ActiveCfg = Debug|Any CPU
		{F8FF7BCD-BEBE-42D0-A82C-B0AD8FDE3C6D}.Debug|Any CPU.Build.0 = Debug|Any CPU
		{F8FF7BCD-BEBE-42D0-A82C-B0AD8FDE3C6D}.Release|Any CPU.ActiveCfg = Release|Any CPU
		{F8FF7BCD-BEBE-42D0-A82C-B0AD8FDE3C6D}.Release|Any CPU.Build.0 = Release|Any CPU
		{0B04FA24-B37D-4195-AB2E-24B9BE92FA82}.Debug|Any CPU.ActiveCfg = Debug|Any CPU
		{0B04FA24-B37D-4195-AB2E-24B9BE92FA82}.Debug|Any CPU.Build.0 = Debug|Any CPU
		{0B04FA24-B37D-4195-AB2E-24B9BE92FA82}.Release|Any CPU.ActiveCfg = Release|Any CPU
		{0B04FA24-B37D-4195-AB2E-24B9BE92FA82}.Release|Any CPU.Build.0 = Release|Any CPU
		{D93A9E56-D5E4-41D9-9BB9-C303F4147A11}.Debug|Any CPU.ActiveCfg = Debug|Any CPU
		{D93A9E56-D5E4-41D9-9BB9-C303F4147A11}.Debug|Any CPU.Build.0 = Debug|Any CPU
		{D93A9E56-D5E4-41D9-9BB9-C303F4147A11}.Release|Any CPU.ActiveCfg = Release|Any CPU
		{D93A9E56-D5E4-41D9-9BB9-C303F4147A11}.Release|Any CPU.Build.0 = Release|Any CPU
	EndGlobalSection
	GlobalSection(SolutionProperties) = preSolution
		HideSolutionNode = FALSE
	EndGlobalSection
	GlobalSection(ExtensibilityGlobals) = postSolution
		SolutionGuid = {8531AD9A-7269-4DDE-B654-77F99E9CE419}
	EndGlobalSection
EndGlobal
